
Microsoft Visual Studio Solution File, Format Version 12.00
# Visual Studio Version 17
VisualStudioVersion = 17.14.36408.4 d17.14
MinimumVisualStudioVersion = 10.0.40219.1
Project("{FAE04EC0-301F-11D3-BF4B-00C04F79EFBC}") = "OpenWave_V0.1_WinUI", "OpenWave_V0.1_WinUI.csproj", "{B60C5556-178E-4BDB-BBB5-517FD83C5171}"
EndProject
Global
	GlobalSection(SolutionConfigurationPlatforms) = preSolution
		Debug|Any CPU = Debug|Any CPU
		Release|Any CPU = Release|Any CPU
	EndGlobalSection
	GlobalSection(ProjectConfigurationPlatforms) = postSolution
		{B60C5556-178E-4BDB-BBB5-517FD83C5171}.Debug|Any CPU.ActiveCfg = Debug|Any CPU
		{B60C5556-178E-4BDB-BBB5-517FD83C5171}.Debug|Any CPU.Build.0 = Debug|Any CPU
		{B60C5556-178E-4BDB-BBB5-517FD83C5171}.Release|Any CPU.ActiveCfg = Release|Any CPU
		{B60C5556-178E-4BDB-BBB5-517FD83C5171}.Release|Any CPU.Build.0 = Release|Any CPU
	EndGlobalSection
	GlobalSection(SolutionProperties) = preSolution
		HideSolutionNode = FALSE
	EndGlobalSection
	GlobalSection(ExtensibilityGlobals) = postSolution
		SolutionGuid = {42AA9524-901F-4DD0-9F04-9D55B4DFFF74}
	EndGlobalSection
EndGlobal
